
Microsoft Visual Studio Solution File, Format Version 12.00
# Visual Studio Version 17
VisualStudioVersion = 17.4.33213.308
MinimumVisualStudioVersion = 10.0.40219.1
Project("{FAE04EC0-301F-11D3-BF4B-00C04F79EFBC}") = "csharp_fundamentals_3", "csharp_fundamentals_3.csproj", "{06FA2EBC-217C-4A65-A9BA-37F42E99880A}"
EndProject
Global
	GlobalSection(SolutionConfigurationPlatforms) = preSolution
		Debug|Any CPU = Debug|Any CPU
		Release|Any CPU = Release|Any CPU
	EndGlobalSection
	GlobalSection(ProjectConfigurationPlatforms) = postSolution
		{06FA2EBC-217C-4A65-A9BA-37F42E99880A}.Debug|Any CPU.ActiveCfg = Debug|Any CPU
		{06FA2EBC-217C-4A65-A9BA-37F42E99880A}.Debug|Any CPU.Build.0 = Debug|Any CPU
		{06FA2EBC-217C-4A65-A9BA-37F42E99880A}.Release|Any CPU.ActiveCfg = Release|Any CPU
		{06FA2EBC-217C-4A65-A9BA-37F42E99880A}.Release|Any CPU.Build.0 = Release|Any CPU
	EndGlobalSection
	GlobalSection(SolutionProperties) = preSolution
		HideSolutionNode = FALSE
	EndGlobalSection
	GlobalSection(ExtensibilityGlobals) = postSolution
		SolutionGuid = {A71D391D-CCF5-4AA9-9E5F-8BE091BAE1A8}
	EndGlobalSection
EndGlobal
